<?xml version="1.0" encoding="utf-8"?>
<Project ToolsVersion="4.0" xmlns="http://schemas.microsoft.com/developer/msbuild/2003">
  <ItemGroup>
    <Filter Include="Исходные файлы">
      <UniqueIdentifier>{4FC737F1-C7A5-4376-A066-2A32D752A2FF}</UniqueIdentifier>
      <Extensions>cpp;c;cc;cxx;def;odl;idl;hpj;bat;asm;asmx</Extensions>
    </Filter>
    <Filter Include="Файлы заголовков">
      <UniqueIdentifier>{93995380-89BD-4b04-88EB-625FBE52EBFB}</UniqueIdentifier>
      <Extensions>h;hh;hpp;hxx;hm;inl;inc;ipp;xsd</Extensions>
    </Filter>
    <Filter Include="Файлы ресурсов">
      <UniqueIdentifier>{67DA6AB6-F800-4c08-8B7A-83BB121AAD01}</UniqueIdentifier>
      <Extensions>rc;ico;cur;bmp;dlg;rc2;rct;bin;rgs;gif;jpg;jpeg;jpe;resx;tiff;tif;png;wav;mfcribbon-ms</Extensions>
    </Filter>
    <Filter Include="Исходные файлы\Node">
      <UniqueIdentifier>{a1ebab91-9456-44eb-afd2-3681db74910e}</UniqueIdentifier>
    </Filter>
    <Filter Include="Файлы заголовков\Node">
      <UniqueIdentifier>{bd5055a3-37d8-48ad-a8d0-0631c428925f}</UniqueIdentifier>
    </Filter>
    <Filter Include="Исходные файлы\ForExampleGraphics">
      <UniqueIdentifier>{23774692-1cba-4c5f-9d81-4272cbccdf32}</UniqueIdentifier>
    </Filter>
    <Filter Include="Файлы заголовков\ForExampleGraphics">
      <UniqueIdentifier>{487df864-6f32-440f-a0af-23362ef9b4db}</UniqueIdentifier>
    </Filter>
    <Filter Include="Исходные файлы\Process">
      <UniqueIdentifier>{ca487c16-2d48-482d-bf5a-1a72b949c1c6}</UniqueIdentifier>
    </Filter>
    <Filter Include="Файлы заголовков\Process">
      <UniqueIdentifier>{2daedd5a-81a8-4b0c-980d-99335ff14256}</UniqueIdentifier>
    </Filter>
    <Filter Include="Исходные файлы\ForExampleModule">
      <UniqueIdentifier>{3c88ec4f-4d55-4530-9e8c-4eed8e34374f}</UniqueIdentifier>
    </Filter>
    <Filter Include="Файлы заголовков\ForExampleModule">
      <UniqueIdentifier>{7975deb2-6839-4468-8531-9d404f7ac388}</UniqueIdentifier>
    </Filter>
  </ItemGroup>
  <ItemGroup>
    <ClCompile Include="LinkedList.cpp">
      <Filter>Исходные файлы</Filter>
    </ClCompile>
    <ClCompile Include="..\..\Node\Src\Node.c">
      <Filter>Исходные файлы\Node</Filter>
    </ClCompile>
    <ClCompile Include="..\..\ForExampleGraphics\Src\ForExampleGraphics.c">
      <Filter>Исходные файлы\ForExampleGraphics</Filter>
    </ClCompile>
    <ClCompile Include="..\..\Process\Src\Process.c">
      <Filter>Исходные файлы\Process</Filter>
    </ClCompile>
    <ClCompile Include="..\..\ForExampleModule\Src\ForExampleModule.c">
      <Filter>Исходные файлы\ForExampleModule</Filter>
    </ClCompile>
  </ItemGroup>
  <ItemGroup>
    <ClInclude Include="..\..\Node\Inc\Node.h">
      <Filter>Файлы заголовков\Node</Filter>
    </ClInclude>
    <ClInclude Include="..\..\ForExampleGraphics\Inc\ForExampleGraphis.h">
      <Filter>Файлы заголовков\ForExampleGraphics</Filter>
    </ClInclude>
    <ClInclude Include="..\..\Process\Inc\Process.h">
      <Filter>Файлы заголовков\Process</Filter>
    </ClInclude>
    <ClInclude Include="..\..\ForExampleModule\Inc\ForExampleModule.h">
      <Filter>Файлы заголовков\ForExampleModule</Filter>
    </ClInclude>
  </ItemGroup>
</Project>